
Microsoft Visual Studio Solution File, Format Version 12.00
# Visual Studio 15
VisualStudioVersion = 15.0.27703.2035
MinimumVisualStudioVersion = 10.0.40219.1
Project("{9A19103F-16F7-4668-BE54-9A1E7A4F7556}") = "EFCBR", "EFCBR\EFCBR.csproj", "{63703EC4-CDDD-4B2E-B2B8-E935EB6C25DE}"
EndProject
Global
	GlobalSection(SolutionConfigurationPlatforms) = preSolution
		Debug|Any CPU = Debug|Any CPU
		Release|Any CPU = Release|Any CPU
	EndGlobalSection
	GlobalSection(ProjectConfigurationPlatforms) = postSolution
		{63703EC4-CDDD-4B2E-B2B8-E935EB6C25DE}.Debug|Any CPU.ActiveCfg = Debug|Any CPU
		{63703EC4-CDDD-4B2E-B2B8-E935EB6C25DE}.Debug|Any CPU.Build.0 = Debug|Any CPU
		{63703EC4-CDDD-4B2E-B2B8-E935EB6C25DE}.Release|Any CPU.ActiveCfg = Release|Any CPU
		{63703EC4-CDDD-4B2E-B2B8-E935EB6C25DE}.Release|Any CPU.Build.0 = Release|Any CPU
	EndGlobalSection
	GlobalSection(SolutionProperties) = preSolution
		HideSolutionNode = FALSE
	EndGlobalSection
	GlobalSection(ExtensibilityGlobals) = postSolution
		SolutionGuid = {7E4D23B1-6417-472A-B3FD-FC43FFD1FAF4}
	EndGlobalSection
EndGlobal
